lockfileVersion: '9.0'

settings:
  autoInstallPeers: true
  excludeLinksFromLockfile: false

importers:

  .:
    devDependencies:
      html-validate:
        specifier: ^10.11.3
        version: 10.11.3
      prettier:
        specifier: ^3.8.1
        version: 3.8.1

packages:

  '@html-validate/stylish@5.1.0':
    resolution: {integrity: sha512-Tyx/ZbHBpVZjvSleNplNMUhqT4UY1HwAMC97GSmasJXggWuvjNFLBS2scqnEb+ZG1szLq4zgjOioj7cVWV9WuQ==}
    engines: {node: ^20.11 || >= 22.16}

  '@sidvind/better-ajv-errors@4.0.1':
    resolution: {integrity: sha512-6arF1ssKxItxgitPYXafUoLmsVBA6K7m9+ZGj6hLDoBl7nWpJ33EInwQUdHTle2METeWGxgQiqSex20KZRykew==}
    engines: {node: '>= 18'}
    peerDependencies:
      ajv: ^7.0.0 || ^8.0.0

  ajv@8.18.0:
    resolution: {integrity: sha512-PlXPeEWMXMZ7sPYOHqmDyCJzcfNrUr3fGNKtezX14ykXOEIvyK81d+qydx89KY5O71FKMPaQ2vBfBFI5NHR63A==}

  balanced-match@4.0.4:
    resolution: {integrity: sha512-BLrgEcRTwX2o6gGxGOCNyMvGSp35YofuYzw9h1IMTRmKqttAZZVU67bdb9Pr2vUHA8+j3i2tJfjO6C6+4myGTA==}
    engines: {node: 18 || 20 || >=22}

  brace-expansion@5.0.5:
    resolution: {integrity: sha512-VZznLgtwhn+Mact9tfiwx64fA9erHH/MCXEUfB/0bX/6Fz6ny5EGTXYltMocqg4xFAQZtnO3DHWWXi8RiuN7cQ==}
    engines: {node: 18 || 20 || >=22}

  fast-deep-equal@3.1.3:
    resolution: {integrity: sha512-f3qQ9oQy9j2AhBe/H9VC91wLmKBCCU/gDOnKNAYG5hswO7BLKj09Hc5HYNz9cGI++xlpDCIgDaitVs03ATR84Q==}

  fast-uri@3.1.0:
    resolution: {integrity: sha512-iPeeDKJSWf4IEOasVVrknXpaBV0IApz/gp7S2bb7Z4Lljbl2MGJRqInZiUrQwV16cpzw/D3S5j5Julj/gT52AA==}

  glob@13.0.6:
    resolution: {integrity: sha512-Wjlyrolmm8uDpm/ogGyXZXb1Z+Ca2B8NbJwqBVg0axK9GbBeoS7yGV6vjXnYdGm6X53iehEuxxbyiKp8QmN4Vw==}
    engines: {node: 18 || 20 || >=22}

  html-validate@10.11.3:
    resolution: {integrity: sha512-wKUq9iR6bukMgiHhs/ORThZzEbQoFiiPNN7aZfQ8dlmhttPb2sM2Ji2p+Fy5Xj1aH7QHJ1biT2SUDw7A01P2oA==}
    engines: {node: ^20.19.0 || >= 22.16.0}
    hasBin: true
    peerDependencies:
      jest: ^28.1.3 || ^29.0.3 || ^30.0.0
      jest-diff: ^28.1.3 || ^29.0.3 || ^30.0.0
      jest-snapshot: ^28.1.3 || ^29.0.3 || ^30.0.0
      vitest: ^1.0.0 || ^2.0.0 || ^3.0.0 || ^4.0.1
    peerDependenciesMeta:
      jest:
        optional: true
      jest-diff:
        optional: true
      jest-snapshot:
        optional: true
      vitest:
        optional: true

  json-schema-traverse@1.0.0:
    resolution: {integrity: sha512-NM8/P9n3XjXhIZn1lLhkFaACTOURQXjWhV4BA/RnOv8xvgqtqpAX9IO4mRQxSx1Rlo4tqzeqb0sOlruaOy3dug==}

  kleur@3.0.3:
    resolution: {integrity: sha512-eTIzlVOSUR+JxdDFepEYcBMtZ9Qqdef+rnzWdRZuMbOywu5tO2w2N7rqjoANZ5k9vywhL6Br1VRjUIgTQx4E8w==}
    engines: {node: '>=6'}

  kleur@4.1.5:
    resolution: {integrity: sha512-o+NO+8WrRiQEE4/7nwRJhN1HWpVmJm511pBHUxPLtp0BUISzlBplORYSmTclCnJvQq2tKu/sgl3xVpkc7ZWuQQ==}
    engines: {node: '>=6'}

  lru-cache@11.3.3:
    resolution: {integrity: sha512-JvNw9Y81y33E+BEYPr0U7omo+U9AySnsMsEiXgwT6yqd31VQWTLNQqmT4ou5eqPFUrTfIDFta2wKhB1hyohtAQ==}
    engines: {node: 20 || >=22}

  minimatch@10.2.5:
    resolution: {integrity: sha512-MULkVLfKGYDFYejP07QOurDLLQpcjk7Fw+7jXS2R2czRQzR56yHRveU5NDJEOviH+hETZKSkIk5c+T23GjFUMg==}
    engines: {node: 18 || 20 || >=22}

  minimist@1.2.8:
    resolution: {integrity: sha512-2yyAR8qBkN3YuheJanUpWC5U3bb5osDywNB8RzDVlDwDHbocAJveqqj1u8+SVD7jkWT4yvsHCpWqqWqAxb0zCA==}

  minipass@7.1.3:
    resolution: {integrity: sha512-tEBHqDnIoM/1rXME1zgka9g6Q2lcoCkxHLuc7ODJ5BxbP5d4c2Z5cGgtXAku59200Cx7diuHTOYfSBD8n6mm8A==}
    engines: {node: '>=16 || 14 >=14.17'}

  path-scurry@2.0.2:
    resolution: {integrity: sha512-3O/iVVsJAPsOnpwWIeD+d6z/7PmqApyQePUtCndjatj/9I5LylHvt5qluFaBT3I5h3r1ejfR056c+FCv+NnNXg==}
    engines: {node: 18 || 20 || >=22}

  prettier@3.8.1:
    resolution: {integrity: sha512-UOnG6LftzbdaHZcKoPFtOcCKztrQ57WkHDeRD9t/PTQtmT0NHSeWWepj6pS0z/N7+08BHFDQVUrfmfMRcZwbMg==}
    engines: {node: '>=14'}
    hasBin: true

  prompts@2.4.2:
    resolution: {integrity: sha512-NxNv/kLguCA7p3jE8oL2aEBsrJWgAakBpgmgK6lpPWV+WuOmY6r2/zbAVnP+T8bQlA0nzHXSJSJW0Hq7ylaD2Q==}
    engines: {node: '>= 6'}

  require-from-string@2.0.2:
    resolution: {integrity: sha512-Xf0nWe6RseziFMu+Ap9biiUbmplq6S9/p+7w7YXP/JBHhrUDDUhwa+vANyubuqfZWTveU//DYVGsDG7RKL/vEw==}
    engines: {node: '>=0.10.0'}

  semver@7.7.4:
    resolution: {integrity: sha512-vFKC2IEtQnVhpT78h1Yp8wzwrf8CM+MzKMHGJZfBtzhZNycRFnXsHk6E5TxIkkMsgNS7mdX3AGB7x2QM2di4lA==}
    engines: {node: '>=10'}
    hasBin: true

  sisteransi@1.0.5:
    resolution: {integrity: sha512-bLGGlR1QxBcynn2d5YmDX4MGjlZvy2MRBDRNHLJ8VI6l6+9FUiyTFNJ0IveOSP0bcXgVDPRcfGqA0pjaqUpfVg==}

snapshots:

  '@html-validate/stylish@5.1.0':
    dependencies:
      kleur: 4.1.5

  '@sidvind/better-ajv-errors@4.0.1(ajv@8.18.0)':
    dependencies:
      ajv: 8.18.0
      kleur: 4.1.5

  ajv@8.18.0:
    dependencies:
      fast-deep-equal: 3.1.3
      fast-uri: 3.1.0
      json-schema-traverse: 1.0.0
      require-from-string: 2.0.2

  balanced-match@4.0.4: {}

  brace-expansion@5.0.5:
    dependencies:
      balanced-match: 4.0.4

  fast-deep-equal@3.1.3: {}

  fast-uri@3.1.0: {}

  glob@13.0.6:
    dependencies:
      minimatch: 10.2.5
      minipass: 7.1.3
      path-scurry: 2.0.2

  html-validate@10.11.3:
    dependencies:
      '@html-validate/stylish': 5.1.0
      '@sidvind/better-ajv-errors': 4.0.1(ajv@8.18.0)
      ajv: 8.18.0
      glob: 13.0.6
      kleur: 4.1.5
      minimist: 1.2.8
      prompts: 2.4.2
      semver: 7.7.4

  json-schema-traverse@1.0.0: {}

  kleur@3.0.3: {}

  kleur@4.1.5: {}

  lru-cache@11.3.3: {}

  minimatch@10.2.5:
    dependencies:
      brace-expansion: 5.0.5

  minimist@1.2.8: {}

  minipass@7.1.3: {}

  path-scurry@2.0.2:
    dependencies:
      lru-cache: 11.3.3
      minipass: 7.1.3

  prettier@3.8.1: {}

  prompts@2.4.2:
    dependencies:
      kleur: 3.0.3
      sisteransi: 1.0.5

  require-from-string@2.0.2: {}

  semver@7.7.4: {}

  sisteransi@1.0.5: {}
